
Microsoft Visual Studio Solution File, Format Version 12.00
# Visual Studio Version 17
VisualStudioVersion = 17.13.35806.99 d17.13
MinimumVisualStudioVersion = 10.0.40219.1
Project("{FAE04EC0-301F-11D3-BF4B-00C04F79EFBC}") = "MatchMaking.Service", "MatchMaking.Service.csproj", "{7ED58616-5D1A-4702-9531-5F6FE8EE344F}"
EndProject
Global
	GlobalSection(SolutionConfigurationPlatforms) = preSolution
		Debug|Any CPU = Debug|Any CPU
		Release|Any CPU = Release|Any CPU
	EndGlobalSection
	GlobalSection(ProjectConfigurationPlatforms) = postSolution
		{7ED58616-5D1A-4702-9531-5F6FE8EE344F}.Debug|Any CPU.ActiveCfg = Debug|Any CPU
		{7ED58616-5D1A-4702-9531-5F6FE8EE344F}.Debug|Any CPU.Build.0 = Debug|Any CPU
		{7ED58616-5D1A-4702-9531-5F6FE8EE344F}.Release|Any CPU.ActiveCfg = Release|Any CPU
		{7ED58616-5D1A-4702-9531-5F6FE8EE344F}.Release|Any CPU.Build.0 = Release|Any CPU
	EndGlobalSection
	GlobalSection(SolutionProperties) = preSolution
		HideSolutionNode = FALSE
	EndGlobalSection
	GlobalSection(ExtensibilityGlobals) = postSolution
		SolutionGuid = {EF19FCCB-CA2A-411C-AAE7-2971157B9CEB}
	EndGlobalSection
EndGlobal
